
Microsoft Visual Studio Solution File, Format Version 12.00
# Visual Studio Version 16
VisualStudioVersion = 16.0.28803.202
MinimumVisualStudioVersion = 10.0.40219.1
Project("{FAE04EC0-301F-11D3-BF4B-00C04F79EFBC}") = "CruiseManagementApp.Presentation", "CruiseManagementApp.Presentation\CruiseManagementApp.Presentation.csproj", "{55000838-B9E3-4AA9-BE1D-06614F7982BB}"
EndProject
Project("{FAE04EC0-301F-11D3-BF4B-00C04F79EFBC}") = "CruiseManagementApp.Domain", "CruiseManagementApp.Domain\CruiseManagementApp.Domain.csproj", "{83C0251A-E8DF-407A-9FDE-247060557567}"
EndProject
Project("{FAE04EC0-301F-11D3-BF4B-00C04F79EFBC}") = "CruiseManagementApp.Data", "CruiseManagementApp.Data\CruiseManagementApp.Data.csproj", "{D08C8BFD-D963-48C0-A940-46575C6BCAFD}"
EndProject
Global
	GlobalSection(SolutionConfigurationPlatforms) = preSolution
		Debug|Any CPU = Debug|Any CPU
		Release|Any CPU = Release|Any CPU
	EndGlobalSection
	GlobalSection(ProjectConfigurationPlatforms) = postSolution
		{55000838-B9E3-4AA9-BE1D-06614F7982BB}.Debug|Any CPU.ActiveCfg = Debug|Any CPU
		{55000838-B9E3-4AA9-BE1D-06614F7982BB}.Debug|Any CPU.Build.0 = Debug|Any CPU
		{55000838-B9E3-4AA9-BE1D-06614F7982BB}.Release|Any CPU.ActiveCfg = Release|Any CPU
		{55000838-B9E3-4AA9-BE1D-06614F7982BB}.Release|Any CPU.Build.0 = Release|Any CPU
		{83C0251A-E8DF-407A-9FDE-247060557567}.Debug|Any CPU.ActiveCfg = Debug|Any CPU
		{83C0251A-E8DF-407A-9FDE-247060557567}.Debug|Any CPU.Build.0 = Debug|Any CPU
		{83C0251A-E8DF-407A-9FDE-247060557567}.Release|Any CPU.ActiveCfg = Release|Any CPU
		{83C0251A-E8DF-407A-9FDE-247060557567}.Release|Any CPU.Build.0 = Release|Any CPU
		{D08C8BFD-D963-48C0-A940-46575C6BCAFD}.Debug|Any CPU.ActiveCfg = Debug|Any CPU
		{D08C8BFD-D963-48C0-A940-46575C6BCAFD}.Debug|Any CPU.Build.0 = Debug|Any CPU
		{D08C8BFD-D963-48C0-A940-46575C6BCAFD}.Release|Any CPU.ActiveCfg = Release|Any CPU
		{D08C8BFD-D963-48C0-A940-46575C6BCAFD}.Release|Any CPU.Build.0 = Release|Any CPU
	EndGlobalSection
	GlobalSection(SolutionProperties) = preSolution
		HideSolutionNode = FALSE
	EndGlobalSection
	GlobalSection(ExtensibilityGlobals) = postSolution
		SolutionGuid = {0133D6CA-FACB-49B4-A09D-8F087CE2A494}
	EndGlobalSection
EndGlobal
